dependencies:
- name: common
  repository: oci://registry-1.docker.io/bitnamicharts
  version: 2.23.0
- name: postgresql
  repository: oci://registry-1.docker.io/bitnamicharts
  version: 15.5.29
- name: redis
  repository: oci://registry-1.docker.io/bitnamicharts
  version: 20.1.1
digest: sha256:d615c7cce06409c8f8eb7f9c8822e2db2989626354150a8d6480614026d9664b
generated: "2024-09-13T11:13:28.682094413Z"
