dependencies:
- name: common
  repository: oci://registry-1.docker.io/bitnamicharts
  version: 2.23.0
- name: postgresql
  repository: oci://registry-1.docker.io/bitnamicharts
  version: 15.5.31
- name: redis
  repository: oci://registry-1.docker.io/bitnamicharts
  version: 20.1.2
digest: sha256:3d0dc294a341ce50d1efadd6a1e9409aa93ddcdaa4398852e4a2c6c7df028d0a
generated: "2024-09-14T01:59:44.363526261Z"
